
Microsoft Visual Studio Solution File, Format Version 12.00
# Visual Studio Version 17
VisualStudioVersion = 17.5.33516.290
MinimumVisualStudioVersion = 10.0.40219.1
Project("{FAE04EC0-301F-11D3-BF4B-00C04F79EFBC}") = "MessagingApp", "MessagingApp.csproj", "{DE37190D-7FC6-47A2-A0C6-9AAAF427050C}"
EndProject
Global
	GlobalSection(SolutionConfigurationPlatforms) = preSolution
		Debug|Any CPU = Debug|Any CPU
		Release|Any CPU = Release|Any CPU
	EndGlobalSection
	GlobalSection(ProjectConfigurationPlatforms) = postSolution
		{DE37190D-7FC6-47A2-A0C6-9AAAF427050C}.Debug|Any CPU.ActiveCfg = Debug|Any CPU
		{DE37190D-7FC6-47A2-A0C6-9AAAF427050C}.Debug|Any CPU.Build.0 = Debug|Any CPU
		{DE37190D-7FC6-47A2-A0C6-9AAAF427050C}.Release|Any CPU.ActiveCfg = Release|Any CPU
		{DE37190D-7FC6-47A2-A0C6-9AAAF427050C}.Release|Any CPU.Build.0 = Release|Any CPU
	EndGlobalSection
	GlobalSection(SolutionProperties) = preSolution
		HideSolutionNode = FALSE
	EndGlobalSection
	GlobalSection(ExtensibilityGlobals) = postSolution
		SolutionGuid = {0C5432B2-373F-40B6-AEB4-0B689270D6BA}
	EndGlobalSection
EndGlobal
